
Microsoft Visual Studio Solution File, Format Version 12.00
# Visual Studio Version 17
VisualStudioVersion = 17.6.33815.320
MinimumVisualStudioVersion = 10.0.40219.1
Project("{FAE04EC0-301F-11D3-BF4B-00C04F79EFBC}") = "UserRegistration1", "UserRegistration1.csproj", "{52C354F0-7120-4E97-9BCE-00BBEE4E2862}"
EndProject
Global
	GlobalSection(SolutionConfigurationPlatforms) = preSolution
		Debug|Any CPU = Debug|Any CPU
		Release|Any CPU = Release|Any CPU
	EndGlobalSection
	GlobalSection(ProjectConfigurationPlatforms) = postSolution
		{52C354F0-7120-4E97-9BCE-00BBEE4E2862}.Debug|Any CPU.ActiveCfg = Debug|Any CPU
		{52C354F0-7120-4E97-9BCE-00BBEE4E2862}.Debug|Any CPU.Build.0 = Debug|Any CPU
		{52C354F0-7120-4E97-9BCE-00BBEE4E2862}.Release|Any CPU.ActiveCfg = Release|Any CPU
		{52C354F0-7120-4E97-9BCE-00BBEE4E2862}.Release|Any CPU.Build.0 = Release|Any CPU
	EndGlobalSection
	GlobalSection(SolutionProperties) = preSolution
		HideSolutionNode = FALSE
	EndGlobalSection
	GlobalSection(ExtensibilityGlobals) = postSolution
		SolutionGuid = {4E661163-9E20-4B1F-8AE3-D1222C47909A}
	EndGlobalSection
EndGlobal
